
Microsoft Visual Studio Solution File, Format Version 12.00
# Visual Studio 15
VisualStudioVersion = 15.0.28307.421
MinimumVisualStudioVersion = 10.0.40219.1
Project("{FAE04EC0-301F-11D3-BF4B-00C04F79EFBC}") = "WebAppMVC", "WebAppMVC\WebAppMVC.csproj", "{2A7CC59B-1E70-4576-871B-A04306B4159C}"
EndProject
Project("{FAE04EC0-301F-11D3-BF4B-00C04F79EFBC}") = "WebApp_DAL", "WebApp_DAL\WebApp_DAL.csproj", "{EB148507-5B26-42EF-9F31-D901486C63A0}"
EndProject
Project("{FAE04EC0-301F-11D3-BF4B-00C04F79EFBC}") = "service", "service\service.csproj", "{5ACBD0AC-B5AA-4F42-9D74-49EE99BCE741}"
EndProject
Global
	GlobalSection(SolutionConfigurationPlatforms) = preSolution
		Debug|Any CPU = Debug|Any CPU
		Release|Any CPU = Release|Any CPU
	EndGlobalSection
	GlobalSection(ProjectConfigurationPlatforms) = postSolution
		{2A7CC59B-1E70-4576-871B-A04306B4159C}.Debug|Any CPU.ActiveCfg = Debug|Any CPU
		{2A7CC59B-1E70-4576-871B-A04306B4159C}.Debug|Any CPU.Build.0 = Debug|Any CPU
		{2A7CC59B-1E70-4576-871B-A04306B4159C}.Release|Any CPU.ActiveCfg = Release|Any CPU
		{2A7CC59B-1E70-4576-871B-A04306B4159C}.Release|Any CPU.Build.0 = Release|Any CPU
		{EB148507-5B26-42EF-9F31-D901486C63A0}.Debug|Any CPU.ActiveCfg = Debug|Any CPU
		{EB148507-5B26-42EF-9F31-D901486C63A0}.Debug|Any CPU.Build.0 = Debug|Any CPU
		{EB148507-5B26-42EF-9F31-D901486C63A0}.Release|Any CPU.ActiveCfg = Release|Any CPU
		{EB148507-5B26-42EF-9F31-D901486C63A0}.Release|Any CPU.Build.0 = Release|Any CPU
		{5ACBD0AC-B5AA-4F42-9D74-49EE99BCE741}.Debug|Any CPU.ActiveCfg = Debug|Any CPU
		{5ACBD0AC-B5AA-4F42-9D74-49EE99BCE741}.Debug|Any CPU.Build.0 = Debug|Any CPU
		{5ACBD0AC-B5AA-4F42-9D74-49EE99BCE741}.Release|Any CPU.ActiveCfg = Release|Any CPU
		{5ACBD0AC-B5AA-4F42-9D74-49EE99BCE741}.Release|Any CPU.Build.0 = Release|Any CPU
	EndGlobalSection
	GlobalSection(SolutionProperties) = preSolution
		HideSolutionNode = FALSE
	EndGlobalSection
	GlobalSection(ExtensibilityGlobals) = postSolution
		SolutionGuid = {39F2AAB7-50B7-44E1-81FD-E86BE757F171}
	EndGlobalSection
EndGlobal
